// !$*UTF8*$!
{
	archiveVersion = 1;
	classes = {
	};
	objectVersion = 55;
	objects = {

/* Begin PBXBuildFile section */
		15B0F6AE2715D4DD000326C9 /* Visit.swift in Sources */ = {isa = PBXBuildFile; fileRef = 15B0F6AD2715D4DD000326C9 /* Visit.swift */; };
		15B0F6B2271751F2000326C9 /* Heap.swift in Sources */ = {isa = PBXBuildFile; fileRef = 15B0F6B1271751F2000326C9 /* Heap.swift */; };
		15C3B9492711DB8C00512816 /* Graph.swift in Sources */ = {isa = PBXBuildFile; fileRef = 15C3B9482711DB8C00512816 /* Graph.swift */; };
		15C3B94C2711DC9F00512816 /* EdgeType.swift in Sources */ = {isa = PBXBuildFile; fileRef = 15C3B94B2711DC9F00512816 /* EdgeType.swift */; };
		15C3B94E2711DCAE00512816 /* Vertex.swift in Sources */ = {isa = PBXBuildFile; fileRef = 15C3B94D2711DCAE00512816 /* Vertex.swift */; };
		15C3B9502711DE5E00512816 /* Edge.swift in Sources */ = {isa = PBXBuildFile; fileRef = 15C3B94F2711DE5E00512816 /* Edge.swift */; };
		15C3B9522711DF2600512816 /* AdjacencyList.swift in Sources */ = {isa = PBXBuildFile; fileRef = 15C3B9512711DF2600512816 /* AdjacencyList.swift */; };
		15C3B9542711E43000512816 /* GraphTests.swift in Sources */ = {isa = PBXBuildFile; fileRef = 15C3B9532711E43000512816 /* GraphTests.swift */; };
		15C3B95627135B3D00512816 /* Queue.swift in Sources */ = {isa = PBXBuildFile; fileRef = 15C3B95527135B3D00512816 /* Queue.swift */; };
		15C3B958271365D100512816 /* Stack.swift in Sources */ = {isa = PBXBuildFile; fileRef = 15C3B957271365D100512816 /* Stack.swift */; };
		15CC5EBA2742D86E00348672 /* BinarySearchTree.swift in Sources */ = {isa = PBXBuildFile; fileRef = 15CC5EB92742D86E00348672 /* BinarySearchTree.swift */; };
		15CC5EBC2742E20A00348672 /* BSTTests.swift in Sources */ = {isa = PBXBuildFile; fileRef = 15CC5EBB2742E20A00348672 /* BSTTests.swift */; };
		15CC5EBE2745211A00348672 /* TwoSum.swift in Sources */ = {isa = PBXBuildFile; fileRef = 15CC5EBD2745211A00348672 /* TwoSum.swift */; };
		15ED774926EA8AEB004D86C3 /* Algorithms.docc in Sources */ = {isa = PBXBuildFile; fileRef = 15ED774826EA8AEB004D86C3 /* Algorithms.docc */; };
		15ED774F26EA8AEB004D86C3 /* Algorithms.framework in Frameworks */ = {isa = PBXBuildFile; fileRef = 15ED774426EA8AEB004D86C3 /* Algorithms.framework */; };
		15ED775426EA8AEB004D86C3 /* AlgorithmsTests.swift in Sources */ = {isa = PBXBuildFile; fileRef = 15ED775326EA8AEB004D86C3 /* AlgorithmsTests.swift */; };
		15ED776B26EA8B2A004D86C3 /* BubbleSort.swift in Sources */ = {isa = PBXBuildFile; fileRef = 15ED776026EA8B2A004D86C3 /* BubbleSort.swift */; };
		15ED776C26EA8B2A004D86C3 /* SelectionSort.swift in Sources */ = {isa = PBXBuildFile; fileRef = 15ED776226EA8B2A004D86C3 /* SelectionSort.swift */; };
		15ED776D26EA8B2A004D86C3 /* InsertSort.swift in Sources */ = {isa = PBXBuildFile; fileRef = 15ED776426EA8B2A004D86C3 /* InsertSort.swift */; };
		15ED776E26EA8B2A004D86C3 /* Multiply.swift in Sources */ = {isa = PBXBuildFile; fileRef = 15ED776526EA8B2A004D86C3 /* Multiply.swift */; };
		15ED776F26EA8B2A004D86C3 /* SortAndCount.swift in Sources */ = {isa = PBXBuildFile; fileRef = 15ED776626EA8B2A004D86C3 /* SortAndCount.swift */; };
		15ED777026EA8B2A004D86C3 /* UniqueString.swift in Sources */ = {isa = PBXBuildFile; fileRef = 15ED776726EA8B2A004D86C3 /* UniqueString.swift */; };
		15ED777126EA8B2A004D86C3 /* Karatsuba.swift in Sources */ = {isa = PBXBuildFile; fileRef = 15ED776826EA8B2A004D86C3 /* Karatsuba.swift */; };
		15ED777326EA8B2A004D86C3 /* Quicksort.swift in Sources */ = {isa = PBXBuildFile; fileRef = 15ED776A26EA8B2A004D86C3 /* Quicksort.swift */; };
		15ED777826EA8B54004D86C3 /* InsertSortOBJC.m in Sources */ = {isa = PBXBuildFile; fileRef = 15ED777626EA8B54004D86C3 /* InsertSortOBJC.m */; };
		15ED777926EA8B54004D86C3 /* InsertSortOBJC.h in Headers */ = {isa = PBXBuildFile; fileRef = 15ED777726EA8B54004D86C3 /* InsertSortOBJC.h */; settings = {ATTRIBUTES = (Public, ); }; };
		15ED778326EA8C17004D86C3 /* InsertSortCPP.mm in Sources */ = {isa = PBXBuildFile; fileRef = 15ED777D26EA8C17004D86C3 /* InsertSortCPP.mm */; };
		15ED778426EA8C17004D86C3 /* InsertSortCPP.h in Headers */ = {isa = PBXBuildFile; fileRef = 15ED777E26EA8C17004D86C3 /* InsertSortCPP.h */; settings = {ATTRIBUTES = (Public, ); }; };
		15ED778526EA8C17004D86C3 /* InsertSortCPP.hpp in Headers */ = {isa = PBXBuildFile; fileRef = 15ED778126EA8C17004D86C3 /* InsertSortCPP.hpp */; settings = {ATTRIBUTES = (Public, ); }; };
		15ED778626EA8C17004D86C3 /* InsertSortCPP.cpp in Sources */ = {isa = PBXBuildFile; fileRef = 15ED778226EA8C17004D86C3 /* InsertSortCPP.cpp */; };
		15ED778826EA8C7D004D86C3 /* HashTable.swift in Sources */ = {isa = PBXBuildFile; fileRef = 15ED778726EA8C7D004D86C3 /* HashTable.swift */; };
		15ED779026EA8C8B004D86C3 /* InsertionSort.h in Headers */ = {isa = PBXBuildFile; fileRef = 15ED778B26EA8C8B004D86C3 /* InsertionSort.h */; settings = {ATTRIBUTES = (Public, ); }; };
		15ED779126EA8C8B004D86C3 /* InsertionSort.c in Sources */ = {isa = PBXBuildFile; fileRef = 15ED778C26EA8C8B004D86C3 /* InsertionSort.c */; };
		15ED779226EA8C8B004D86C3 /* SelectionSort.h in Headers */ = {isa = PBXBuildFile; fileRef = 15ED778E26EA8C8B004D86C3 /* SelectionSort.h */; settings = {ATTRIBUTES = (Public, ); }; };
		15ED779326EA8C8B004D86C3 /* SelectionSort.c in Sources */ = {isa = PBXBuildFile; fileRef = 15ED778F26EA8C8B004D86C3 /* SelectionSort.c */; };
		15FCDAF226EEBAB100A968D9 /* Inversions.txt in Resources */ = {isa = PBXBuildFile; fileRef = 15FCDAF126EEBAB100A968D9 /* Inversions.txt */; };
		15FCDAF426F009B700A968D9 /* MergeSort.swift in Sources */ = {isa = PBXBuildFile; fileRef = 15FCDAF326F009B700A968D9 /* MergeSort.swift */; };
		15FCDAF626F142D300A968D9 /* MySet.swift in Sources */ = {isa = PBXBuildFile; fileRef = 15FCDAF526F142D300A968D9 /* MySet.swift */; };
		15FE2EF227067E5D00373C76 /* RandomizedSelection.swift in Sources */ = {isa = PBXBuildFile; fileRef = 15FE2EF127067E5D00373C76 /* RandomizedSelection.swift */; };
		15FE2EF6270748BC00373C76 /* SlowAlgorithms.swift in Sources */ = {isa = PBXBuildFile; fileRef = 15FE2EF5270748BC00373C76 /* SlowAlgorithms.swift */; };
		ABE638502AED5BFC00652B7E /* Others.swift in Sources */ = {isa = PBXBuildFile; fileRef = ABE6384F2AED5BFC00652B7E /* Others.swift */; };
		B6AE67262CFF9A2100620C2A /* CustomDictionary.swift in Sources */ = {isa = PBXBuildFile; fileRef = B6AE67252CFF9A2100620C2A /* CustomDictionary.swift */; };
		B6BD2F812B5DB91300B3C4E0 /* MyAlgorithms.cpp in Sources */ = {isa = PBXBuildFile; fileRef = B6BD2F7F2B5DB91300B3C4E0 /* MyAlgorithms.cpp */; };
		B6BD2F842B5DC03300B3C4E0 /* MyAlgorithms.h in Headers */ = {isa = PBXBuildFile; fileRef = B6BD2F832B5DBE9300B3C4E0 /* MyAlgorithms.h */; settings = {ATTRIBUTES = (Public, ); }; };
/* End PBXBuildFile section */

/* Begin PBXContainerItemProxy section */
		15ED775026EA8AEB004D86C3 /* PBXContainerItemProxy */ = {
			isa = PBXContainerItemProxy;
			containerPortal = 15ED773B26EA8AEB004D86C3 /* Project object */;
			proxyType = 1;
			remoteGlobalIDString = 15ED774326EA8AEB004D86C3;
			remoteInfo = Algorithms;
		};
/* End PBXContainerItemProxy section */

/* Begin PBXFileReference section */
		15B0F6AD2715D4DD000326C9 /* Visit.swift */ = {isa = PBXFileReference; lastKnownFileType = sourcecode.swift; path = Visit.swift; sourceTree = "<group>"; };
		15B0F6B1271751F2000326C9 /* Heap.swift */ = {isa = PBXFileReference; lastKnownFileType = sourcecode.swift; path = Heap.swift; sourceTree = "<group>"; };
		15C3B9482711DB8C00512816 /* Graph.swift */ = {isa = PBXFileReference; lastKnownFileType = sourcecode.swift; path = Graph.swift; sourceTree = "<group>"; };
		15C3B94B2711DC9F00512816 /* EdgeType.swift */ = {isa = PBXFileReference; lastKnownFileType = sourcecode.swift; path = EdgeType.swift; sourceTree = "<group>"; };
		15C3B94D2711DCAE00512816 /* Vertex.swift */ = {isa = PBXFileReference; lastKnownFileType = sourcecode.swift; path = Vertex.swift; sourceTree = "<group>"; };
		15C3B94F2711DE5E00512816 /* Edge.swift */ = {isa = PBXFileReference; lastKnownFileType = sourcecode.swift; path = Edge.swift; sourceTree = "<group>"; };
		15C3B9512711DF2600512816 /* AdjacencyList.swift */ = {isa = PBXFileReference; lastKnownFileType = sourcecode.swift; path = AdjacencyList.swift; sourceTree = "<group>"; };
		15C3B9532711E43000512816 /* GraphTests.swift */ = {isa = PBXFileReference; lastKnownFileType = sourcecode.swift; path = GraphTests.swift; sourceTree = "<group>"; };
		15C3B95527135B3D00512816 /* Queue.swift */ = {isa = PBXFileReference; lastKnownFileType = sourcecode.swift; path = Queue.swift; sourceTree = "<group>"; };
		15C3B957271365D100512816 /* Stack.swift */ = {isa = PBXFileReference; lastKnownFileType = sourcecode.swift; path = Stack.swift; sourceTree = "<group>"; };
		15CC5EB92742D86E00348672 /* BinarySearchTree.swift */ = {isa = PBXFileReference; lastKnownFileType = sourcecode.swift; path = BinarySearchTree.swift; sourceTree = "<group>"; };
		15CC5EBB2742E20A00348672 /* BSTTests.swift */ = {isa = PBXFileReference; lastKnownFileType = sourcecode.swift; path = BSTTests.swift; sourceTree = "<group>"; };
		15CC5EBD2745211A00348672 /* TwoSum.swift */ = {isa = PBXFileReference; lastKnownFileType = sourcecode.swift; path = TwoSum.swift; sourceTree = "<group>"; };
		15ED774426EA8AEB004D86C3 /* Algorithms.framework */ = {isa = PBXFileReference; explicitFileType = wrapper.framework; includeInIndex = 0; path = Algorithms.framework; sourceTree = BUILT_PRODUCTS_DIR; };
		15ED774726EA8AEB004D86C3 /* Algorithms.h */ = {isa = PBXFileReference; lastKnownFileType = sourcecode.c.h; path = Algorithms.h; sourceTree = "<group>"; };
		15ED774826EA8AEB004D86C3 /* Algorithms.docc */ = {isa = PBXFileReference; lastKnownFileType = folder.documentationcatalog; path = Algorithms.docc; sourceTree = "<group>"; };
		15ED774E26EA8AEB004D86C3 /* AlgorithmsTests.xctest */ = {isa = PBXFileReference; explicitFileType = wrapper.cfbundle; includeInIndex = 0; path = AlgorithmsTests.xctest; sourceTree = BUILT_PRODUCTS_DIR; };
		15ED775326EA8AEB004D86C3 /* AlgorithmsTests.swift */ = {isa = PBXFileReference; lastKnownFileType = sourcecode.swift; path = AlgorithmsTests.swift; sourceTree = "<group>"; };
		15ED776026EA8B2A004D86C3 /* BubbleSort.swift */ = {isa = PBXFileReference; fileEncoding = 4; lastKnownFileType = sourcecode.swift; path = BubbleSort.swift; sourceTree = "<group>"; };
		15ED776226EA8B2A004D86C3 /* SelectionSort.swift */ = {isa = PBXFileReference; fileEncoding = 4; lastKnownFileType = sourcecode.swift; path = SelectionSort.swift; sourceTree = "<group>"; };
		15ED776426EA8B2A004D86C3 /* InsertSort.swift */ = {isa = PBXFileReference; fileEncoding = 4; lastKnownFileType = sourcecode.swift; path = InsertSort.swift; sourceTree = "<group>"; };
		15ED776526EA8B2A004D86C3 /* Multiply.swift */ = {isa = PBXFileReference; fileEncoding = 4; lastKnownFileType = sourcecode.swift; path = Multiply.swift; sourceTree = "<group>"; };
		15ED776626EA8B2A004D86C3 /* SortAndCount.swift */ = {isa = PBXFileReference; fileEncoding = 4; lastKnownFileType = sourcecode.swift; path = SortAndCount.swift; sourceTree = "<group>"; };
		15ED776726EA8B2A004D86C3 /* UniqueString.swift */ = {isa = PBXFileReference; fileEncoding = 4; lastKnownFileType = sourcecode.swift; path = UniqueString.swift; sourceTree = "<group>"; };
		15ED776826EA8B2A004D86C3 /* Karatsuba.swift */ = {isa = PBXFileReference; fileEncoding = 4; lastKnownFileType = sourcecode.swift; path = Karatsuba.swift; sourceTree = "<group>"; };
		15ED776A26EA8B2A004D86C3 /* Quicksort.swift */ = {isa = PBXFileReference; fileEncoding = 4; lastKnownFileType = sourcecode.swift; path = Quicksort.swift; sourceTree = "<group>"; };
		15ED777626EA8B54004D86C3 /* InsertSortOBJC.m */ = {isa = PBXFileReference; fileEncoding = 4; lastKnownFileType = sourcecode.c.objc; path = InsertSortOBJC.m; sourceTree = "<group>"; };
		15ED777726EA8B54004D86C3 /* InsertSortOBJC.h */ = {isa = PBXFileReference; fileEncoding = 4; lastKnownFileType = sourcecode.c.h; path = InsertSortOBJC.h; sourceTree = "<group>"; };
		15ED777D26EA8C17004D86C3 /* InsertSortCPP.mm */ = {isa = PBXFileReference; fileEncoding = 4; lastKnownFileType = sourcecode.cpp.objcpp; path = InsertSortCPP.mm; sourceTree = "<group>"; };
		15ED777E26EA8C17004D86C3 /* InsertSortCPP.h */ = {isa = PBXFileReference; fileEncoding = 4; lastKnownFileType = sourcecode.c.h; path = InsertSortCPP.h; sourceTree = "<group>"; };
		15ED778126EA8C17004D86C3 /* InsertSortCPP.hpp */ = {isa = PBXFileReference; fileEncoding = 4; lastKnownFileType = sourcecode.cpp.h; path = InsertSortCPP.hpp; sourceTree = "<group>"; };
		15ED778226EA8C17004D86C3 /* InsertSortCPP.cpp */ = {isa = PBXFileReference; fileEncoding = 4; lastKnownFileType = sourcecode.cpp.cpp; path = InsertSortCPP.cpp; sourceTree = "<group>"; };
		15ED778726EA8C7D004D86C3 /* HashTable.swift */ = {isa = PBXFileReference; fileEncoding = 4; lastKnownFileType = sourcecode.swift; path = HashTable.swift; sourceTree = "<group>"; };
		15ED778B26EA8C8B004D86C3 /* InsertionSort.h */ = {isa = PBXFileReference; fileEncoding = 4; lastKnownFileType = sourcecode.c.h; path = InsertionSort.h; sourceTree = "<group>"; };
		15ED778C26EA8C8B004D86C3 /* InsertionSort.c */ = {isa = PBXFileReference; fileEncoding = 4; lastKnownFileType = sourcecode.c.c; path = InsertionSort.c; sourceTree = "<group>"; };
		15ED778E26EA8C8B004D86C3 /* SelectionSort.h */ = {isa = PBXFileReference; fileEncoding = 4; lastKnownFileType = sourcecode.c.h; path = SelectionSort.h; sourceTree = "<group>"; };
		15ED778F26EA8C8B004D86C3 /* SelectionSort.c */ = {isa = PBXFileReference; fileEncoding = 4; lastKnownFileType = sourcecode.c.c; path = SelectionSort.c; sourceTree = "<group>"; };
		15FCDAF126EEBAB100A968D9 /* Inversions.txt */ = {isa = PBXFileReference; fileEncoding = 4; lastKnownFileType = text; path = Inversions.txt; sourceTree = "<group>"; };
		15FCDAF326F009B700A968D9 /* MergeSort.swift */ = {isa = PBXFileReference; lastKnownFileType = sourcecode.swift; path = MergeSort.swift; sourceTree = "<group>"; };
		15FCDAF526F142D300A968D9 /* MySet.swift */ = {isa = PBXFileReference; lastKnownFileType = sourcecode.swift; path = MySet.swift; sourceTree = "<group>"; };
		15FE2EF127067E5D00373C76 /* RandomizedSelection.swift */ = {isa = PBXFileReference; lastKnownFileType = sourcecode.swift; path = RandomizedSelection.swift; sourceTree = "<group>"; };
		15FE2EF5270748BC00373C76 /* SlowAlgorithms.swift */ = {isa = PBXFileReference; lastKnownFileType = sourcecode.swift; path = SlowAlgorithms.swift; sourceTree = "<group>"; };
		ABE6384F2AED5BFC00652B7E /* Others.swift */ = {isa = PBXFileReference; lastKnownFileType = sourcecode.swift; path = Others.swift; sourceTree = "<group>"; };
		B6AE67252CFF9A2100620C2A /* CustomDictionary.swift */ = {isa = PBXFileReference; lastKnownFileType = sourcecode.swift; path = CustomDictionary.swift; sourceTree = "<group>"; };
		B6BD2F7F2B5DB91300B3C4E0 /* MyAlgorithms.cpp */ = {isa = PBXFileReference; lastKnownFileType = sourcecode.cpp.cpp; name = MyAlgorithms.cpp; path = cpp/MyAlgorithms.cpp; sourceTree = "<group>"; };
		B6BD2F832B5DBE9300B3C4E0 /* MyAlgorithms.h */ = {isa = PBXFileReference; lastKnownFileType = sourcecode.c.h; path = MyAlgorithms.h; sourceTree = "<group>"; };
/* End PBXFileReference section */

/* Begin PBXFrameworksBuildPhase section */
		15ED774126EA8AEB004D86C3 /* Frameworks */ = {
			isa = PBXFrameworksBuildPhase;
			buildActionMask = 2147483647;
			files = (
			);
			runOnlyForDeploymentPostprocessing = 0;
		};
		15ED774B26EA8AEB004D86C3 /* Frameworks */ = {
			isa = PBXFrameworksBuildPhase;
			buildActionMask = 2147483647;
			files = (
				15ED774F26EA8AEB004D86C3 /* Algorithms.framework in Frameworks */,
			);
			runOnlyForDeploymentPostprocessing = 0;
		};
/* End PBXFrameworksBuildPhase section */

/* Begin PBXGroup section */
		15C3B94A2711DB9900512816 /* Graph */ = {
			isa = PBXGroup;
			children = (
				15C3B9482711DB8C00512816 /* Graph.swift */,
				15C3B94F2711DE5E00512816 /* Edge.swift */,
				15C3B94D2711DCAE00512816 /* Vertex.swift */,
				15C3B94B2711DC9F00512816 /* EdgeType.swift */,
				15C3B9512711DF2600512816 /* AdjacencyList.swift */,
				15B0F6AD2715D4DD000326C9 /* Visit.swift */,
			);
			path = Graph;
			sourceTree = "<group>";
		};
		15ED773A26EA8AEB004D86C3 = {
			isa = PBXGroup;
			children = (
				15ED774626EA8AEB004D86C3 /* Algorithms */,
				15ED775226EA8AEB004D86C3 /* AlgorithmsTests */,
				15ED774526EA8AEB004D86C3 /* Products */,
			);
			sourceTree = "<group>";
		};
		15ED774526EA8AEB004D86C3 /* Products */ = {
			isa = PBXGroup;
			children = (
				15ED774426EA8AEB004D86C3 /* Algorithms.framework */,
				15ED774E26EA8AEB004D86C3 /* AlgorithmsTests.xctest */,
			);
			name = Products;
			sourceTree = "<group>";
		};
		15ED774626EA8AEB004D86C3 /* Algorithms */ = {
			isa = PBXGroup;
			children = (
				15ED778926EA8C8B004D86C3 /* clang */,
				15ED775E26EA8B2A004D86C3 /* Swift */,
				15ED774726EA8AEB004D86C3 /* Algorithms.h */,
				15ED777A26EA8C17004D86C3 /* cpp */,
				15ED777426EA8B54004D86C3 /* objc */,
				15ED774826EA8AEB004D86C3 /* Algorithms.docc */,
			);
			path = Algorithms;
			sourceTree = "<group>";
		};
		15ED775226EA8AEB004D86C3 /* AlgorithmsTests */ = {
			isa = PBXGroup;
			children = (
				15FCDAF126EEBAB100A968D9 /* Inversions.txt */,
				15ED775326EA8AEB004D86C3 /* AlgorithmsTests.swift */,
				15FE2EF5270748BC00373C76 /* SlowAlgorithms.swift */,
				15C3B9532711E43000512816 /* GraphTests.swift */,
				15CC5EBB2742E20A00348672 /* BSTTests.swift */,
			);
			path = AlgorithmsTests;
			sourceTree = "<group>";
		};
		15ED775E26EA8B2A004D86C3 /* Swift */ = {
			isa = PBXGroup;
			children = (
				15ED778726EA8C7D004D86C3 /* HashTable.swift */,
				15ED775F26EA8B2A004D86C3 /* BubbleSort */,
				15ED776126EA8B2A004D86C3 /* SelectionSort */,
				15ED776326EA8B2A004D86C3 /* InsertSort */,
				15FCDAFA26F1476800A968D9 /* Multiplication */,
				15FCDAFB26F1477100A968D9 /* Inversions */,
				15ED776726EA8B2A004D86C3 /* UniqueString.swift */,
				15FCDAF726F1475100A968D9 /* QuickSort */,
				15FCDAF826F1475900A968D9 /* MergeSort */,
				15FCDAF926F1476000A968D9 /* Sets */,
				15FE2EF127067E5D00373C76 /* RandomizedSelection.swift */,
				15C3B94A2711DB9900512816 /* Graph */,
				15C3B95527135B3D00512816 /* Queue.swift */,
				15C3B957271365D100512816 /* Stack.swift */,
				15B0F6B1271751F2000326C9 /* Heap.swift */,
				15CC5EB92742D86E00348672 /* BinarySearchTree.swift */,
				15CC5EBD2745211A00348672 /* TwoSum.swift */,
				ABE6384F2AED5BFC00652B7E /* Others.swift */,
				B6AE67252CFF9A2100620C2A /* CustomDictionary.swift */,
			);
			path = Swift;
			sourceTree = "<group>";
		};
		15ED775F26EA8B2A004D86C3 /* BubbleSort */ = {
			isa = PBXGroup;
			children = (
				15ED776026EA8B2A004D86C3 /* BubbleSort.swift */,
			);
			path = BubbleSort;
			sourceTree = "<group>";
		};
		15ED776126EA8B2A004D86C3 /* SelectionSort */ = {
			isa = PBXGroup;
			children = (
				15ED776226EA8B2A004D86C3 /* SelectionSort.swift */,
			);
			path = SelectionSort;
			sourceTree = "<group>";
		};
		15ED776326EA8B2A004D86C3 /* InsertSort */ = {
			isa = PBXGroup;
			children = (
				15ED776426EA8B2A004D86C3 /* InsertSort.swift */,
			);
			path = InsertSort;
			sourceTree = "<group>";
		};
		15ED777426EA8B54004D86C3 /* objc */ = {
			isa = PBXGroup;
			children = (
				15ED777526EA8B54004D86C3 /* InsertSort */,
			);
			path = objc;
			sourceTree = "<group>";
		};
		15ED777526EA8B54004D86C3 /* InsertSort */ = {
			isa = PBXGroup;
			children = (
				15ED777626EA8B54004D86C3 /* InsertSortOBJC.m */,
				15ED777726EA8B54004D86C3 /* InsertSortOBJC.h */,
			);
			path = InsertSort;
			sourceTree = "<group>";
		};
		15ED777A26EA8C17004D86C3 /* cpp */ = {
			isa = PBXGroup;
			children = (
				15ED777B26EA8C17004D86C3 /* objcpp */,
				15ED777F26EA8C17004D86C3 /* cpp */,
				B6BD2F7F2B5DB91300B3C4E0 /* MyAlgorithms.cpp */,
				B6BD2F832B5DBE9300B3C4E0 /* MyAlgorithms.h */,
			);
			path = cpp;
			sourceTree = "<group>";
		};
		15ED777B26EA8C17004D86C3 /* objcpp */ = {
			isa = PBXGroup;
			children = (
				15ED777C26EA8C17004D86C3 /* InsertSort */,
			);
			path = objcpp;
			sourceTree = "<group>";
		};
		15ED777C26EA8C17004D86C3 /* InsertSort */ = {
			isa = PBXGroup;
			children = (
				15ED777D26EA8C17004D86C3 /* InsertSortCPP.mm */,
				15ED777E26EA8C17004D86C3 /* InsertSortCPP.h */,
			);
			path = InsertSort;
			sourceTree = "<group>";
		};
		15ED777F26EA8C17004D86C3 /* cpp */ = {
			isa = PBXGroup;
			children = (
				15ED778026EA8C17004D86C3 /* InsertSort */,
			);
			path = cpp;
			sourceTree = "<group>";
		};
		15ED778026EA8C17004D86C3 /* InsertSort */ = {
			isa = PBXGroup;
			children = (
				15ED778126EA8C17004D86C3 /* InsertSortCPP.hpp */,
				15ED778226EA8C17004D86C3 /* InsertSortCPP.cpp */,
			);
			path = InsertSort;
			sourceTree = "<group>";
		};
		15ED778926EA8C8B004D86C3 /* clang */ = {
			isa = PBXGroup;
			children = (
				15ED778A26EA8C8B004D86C3 /* InsertionSort */,
				15ED778D26EA8C8B004D86C3 /* SelectionSort */,
			);
			path = clang;
			sourceTree = "<group>";
		};
		15ED778A26EA8C8B004D86C3 /* InsertionSort */ = {
			isa = PBXGroup;
			children = (
				15ED778B26EA8C8B004D86C3 /* InsertionSort.h */,
				15ED778C26EA8C8B004D86C3 /* InsertionSort.c */,
			);
			path = InsertionSort;
			sourceTree = "<group>";
		};
		15ED778D26EA8C8B004D86C3 /* SelectionSort */ = {
			isa = PBXGroup;
			children = (
				15ED778E26EA8C8B004D86C3 /* SelectionSort.h */,
				15ED778F26EA8C8B004D86C3 /* SelectionSort.c */,
			);
			path = SelectionSort;
			sourceTree = "<group>";
		};
		15FCDAF726F1475100A968D9 /* QuickSort */ = {
			isa = PBXGroup;
			children = (
				15ED776A26EA8B2A004D86C3 /* Quicksort.swift */,
			);
			path = QuickSort;
			sourceTree = "<group>";
		};
		15FCDAF826F1475900A968D9 /* MergeSort */ = {
			isa = PBXGroup;
			children = (
				15FCDAF326F009B700A968D9 /* MergeSort.swift */,
			);
			path = MergeSort;
			sourceTree = "<group>";
		};
		15FCDAF926F1476000A968D9 /* Sets */ = {
			isa = PBXGroup;
			children = (
				15FCDAF526F142D300A968D9 /* MySet.swift */,
			);
			path = Sets;
			sourceTree = "<group>";
		};
		15FCDAFA26F1476800A968D9 /* Multiplication */ = {
			isa = PBXGroup;
			children = (
				15ED776526EA8B2A004D86C3 /* Multiply.swift */,
				15ED776826EA8B2A004D86C3 /* Karatsuba.swift */,
			);
			path = Multiplication;
			sourceTree = "<group>";
		};
		15FCDAFB26F1477100A968D9 /* Inversions */ = {
			isa = PBXGroup;
			children = (
				15ED776626EA8B2A004D86C3 /* SortAndCount.swift */,
			);
			path = Inversions;
			sourceTree = "<group>";
		};
/* End PBXGroup section */

/* Begin PBXHeadersBuildPhase section */
		15ED773F26EA8AEB004D86C3 /* Headers */ = {
			isa = PBXHeadersBuildPhase;
			buildActionMask = 2147483647;
			files = (
				15ED778426EA8C17004D86C3 /* InsertSortCPP.h in Headers */,
				15ED779026EA8C8B004D86C3 /* InsertionSort.h in Headers */,
				B6BD2F842B5DC03300B3C4E0 /* MyAlgorithms.h in Headers */,
				15ED778526EA8C17004D86C3 /* InsertSortCPP.hpp in Headers */,
				15ED779226EA8C8B004D86C3 /* SelectionSort.h in Headers */,
				15ED777926EA8B54004D86C3 /* InsertSortOBJC.h in Headers */,
			);
			runOnlyForDeploymentPostprocessing = 0;
		};
/* End PBXHeadersBuildPhase section */

/* Begin PBXNativeTarget section */
		15ED774326EA8AEB004D86C3 /* Algorithms */ = {
			isa = PBXNativeTarget;
			buildConfigurationList = 15ED775826EA8AEB004D86C3 /* Build configuration list for PBXNativeTarget "Algorithms" */;
			buildPhases = (
				15ED773F26EA8AEB004D86C3 /* Headers */,
				15ED774026EA8AEB004D86C3 /* Sources */,
				15ED774126EA8AEB004D86C3 /* Frameworks */,
				15ED774226EA8AEB004D86C3 /* Resources */,
			);
			buildRules = (
			);
			dependencies = (
			);
			name = Algorithms;
			productName = Algorithms;
			productReference = 15ED774426EA8AEB004D86C3 /* Algorithms.framework */;
			productType = "com.apple.product-type.framework";
		};
		15ED774D26EA8AEB004D86C3 /* AlgorithmsTests */ = {
			isa = PBXNativeTarget;
			buildConfigurationList = 15ED775B26EA8AEB004D86C3 /* Build configuration list for PBXNativeTarget "AlgorithmsTests" */;
			buildPhases = (
				15ED774A26EA8AEB004D86C3 /* Sources */,
				15ED774B26EA8AEB004D86C3 /* Frameworks */,
				15ED774C26EA8AEB004D86C3 /* Resources */,
			);
			buildRules = (
			);
			dependencies = (
				15ED775126EA8AEB004D86C3 /* PBXTargetDependency */,
			);
			name = AlgorithmsTests;
			productName = AlgorithmsTests;
			productReference = 15ED774E26EA8AEB004D86C3 /* AlgorithmsTests.xctest */;
			productType = "com.apple.product-type.bundle.unit-test";
		};
/* End PBXNativeTarget section */

/* Begin PBXProject section */
		15ED773B26EA8AEB004D86C3 /* Project object */ = {
			isa = PBXProject;
			attributes = {
				BuildIndependentTargetsInParallel = 1;
				LastSwiftUpdateCheck = 1300;
				LastUpgradeCheck = 1300;
				TargetAttributes = {
					15ED774326EA8AEB004D86C3 = {
						CreatedOnToolsVersion = 13.0;
					};
					15ED774D26EA8AEB004D86C3 = {
						CreatedOnToolsVersion = 13.0;
					};
				};
			};
			buildConfigurationList = 15ED773E26EA8AEB004D86C3 /* Build configuration list for PBXProject "Algorithms" */;
			compatibilityVersion = "Xcode 13.0";
			developmentRegion = en;
			hasScannedForEncodings = 0;
			knownRegions = (
				en,
				Base,
			);
			mainGroup = 15ED773A26EA8AEB004D86C3;
			productRefGroup = 15ED774526EA8AEB004D86C3 /* Products */;
			projectDirPath = "";
			projectRoot = "";
			targets = (
				15ED774326EA8AEB004D86C3 /* Algorithms */,
				15ED774D26EA8AEB004D86C3 /* AlgorithmsTests */,
			);
		};
/* End PBXProject section */

/* Begin PBXResourcesBuildPhase section */
		15ED774226EA8AEB004D86C3 /* Resources */ = {
			isa = PBXResourcesBuildPhase;
			buildActionMask = 2147483647;
			files = (
			);
			runOnlyForDeploymentPostprocessing = 0;
		};
		15ED774C26EA8AEB004D86C3 /* Resources */ = {
			isa = PBXResourcesBuildPhase;
			buildActionMask = 2147483647;
			files = (
				15FCDAF226EEBAB100A968D9 /* Inversions.txt in Resources */,
			);
			runOnlyForDeploymentPostprocessing = 0;
		};
/* End PBXResourcesBuildPhase section */

/* Begin PBXSourcesBuildPhase section */
		15ED774026EA8AEB004D86C3 /* Sources */ = {
			isa = PBXSourcesBuildPhase;
			buildActionMask = 2147483647;
			files = (
				15C3B9502711DE5E00512816 /* Edge.swift in Sources */,
				15B0F6AE2715D4DD000326C9 /* Visit.swift in Sources */,
				B6AE67262CFF9A2100620C2A /* CustomDictionary.swift in Sources */,
				15ED778326EA8C17004D86C3 /* InsertSortCPP.mm in Sources */,
				15ED779126EA8C8B004D86C3 /* InsertionSort.c in Sources */,
				15FCDAF426F009B700A968D9 /* MergeSort.swift in Sources */,
				15ED777126EA8B2A004D86C3 /* Karatsuba.swift in Sources */,
				15ED778826EA8C7D004D86C3 /* HashTable.swift in Sources */,
				15C3B94E2711DCAE00512816 /* Vertex.swift in Sources */,
				B6BD2F812B5DB91300B3C4E0 /* MyAlgorithms.cpp in Sources */,
				15CC5EBE2745211A00348672 /* TwoSum.swift in Sources */,
				15C3B9522711DF2600512816 /* AdjacencyList.swift in Sources */,
				15ED778626EA8C17004D86C3 /* InsertSortCPP.cpp in Sources */,
				15ED776D26EA8B2A004D86C3 /* InsertSort.swift in Sources */,
				15FE2EF227067E5D00373C76 /* RandomizedSelection.swift in Sources */,
				15ED777326EA8B2A004D86C3 /* Quicksort.swift in Sources */,
				15CC5EBA2742D86E00348672 /* BinarySearchTree.swift in Sources */,
				15ED774926EA8AEB004D86C3 /* Algorithms.docc in Sources */,
				15ED777826EA8B54004D86C3 /* InsertSortOBJC.m in Sources */,
				15FCDAF626F142D300A968D9 /* MySet.swift in Sources */,
				15C3B94C2711DC9F00512816 /* EdgeType.swift in Sources */,
				15C3B958271365D100512816 /* Stack.swift in Sources */,
				15ED777026EA8B2A004D86C3 /* UniqueString.swift in Sources */,
				15ED776E26EA8B2A004D86C3 /* Multiply.swift in Sources */,
				15ED776F26EA8B2A004D86C3 /* SortAndCount.swift in Sources */,
				15C3B95627135B3D00512816 /* Queue.swift in Sources */,
				15ED776C26EA8B2A004D86C3 /* SelectionSort.swift in Sources */,
				15ED779326EA8C8B004D86C3 /* SelectionSort.c in Sources */,
				ABE638502AED5BFC00652B7E /* Others.swift in Sources */,
				15C3B9492711DB8C00512816 /* Graph.swift in Sources */,
				15ED776B26EA8B2A004D86C3 /* BubbleSort.swift in Sources */,
				15B0F6B2271751F2000326C9 /* Heap.swift in Sources */,
			);
			runOnlyForDeploymentPostprocessing = 0;
		};
		15ED774A26EA8AEB004D86C3 /* Sources */ = {
			isa = PBXSourcesBuildPhase;
			buildActionMask = 2147483647;
			files = (
				15C3B9542711E43000512816 /* GraphTests.swift in Sources */,
				15CC5EBC2742E20A00348672 /* BSTTests.swift in Sources */,
				15FE2EF6270748BC00373C76 /* SlowAlgorithms.swift in Sources */,
				15ED775426EA8AEB004D86C3 /* AlgorithmsTests.swift in Sources */,
			);
			runOnlyForDeploymentPostprocessing = 0;
		};
/* End PBXSourcesBuildPhase section */

/* Begin PBXTargetDependency section */
		15ED775126EA8AEB004D86C3 /* PBXTargetDependency */ = {
			isa = PBXTargetDependency;
			target = 15ED774326EA8AEB004D86C3 /* Algorithms */;
			targetProxy = 15ED775026EA8AEB004D86C3 /* PBXContainerItemProxy */;
		};
/* End PBXTargetDependency section */

/* Begin XCBuildConfiguration section */
		15ED775626EA8AEB004D86C3 /* Debug */ = {
			isa = XCBuildConfiguration;
			buildSettings = {
				ALWAYS_SEARCH_USER_PATHS = NO;
				CLANG_ANALYZER_NONNULL = YES;
				CLANG_ANALYZER_NUMBER_OBJECT_CONVERSION = YES_AGGRESSIVE;
				CLANG_CXX_LANGUAGE_STANDARD = "gnu++17";
				CLANG_CXX_LIBRARY = "libc++";
				CLANG_ENABLE_MODULES = YES;
				CLANG_ENABLE_OBJC_ARC = YES;
				CLANG_ENABLE_OBJC_WEAK = YES;
				CLANG_WARN_BLOCK_CAPTURE_AUTORELEASING = YES;
				CLANG_WARN_BOOL_CONVERSION = YES;
				CLANG_WARN_COMMA = YES;
				CLANG_WARN_CONSTANT_CONVERSION = YES;
				CLANG_WARN_DEPRECATED_OBJC_IMPLEMENTATIONS = YES;
				CLANG_WARN_DIRECT_OBJC_ISA_USAGE = YES_ERROR;
				CLANG_WARN_DOCUMENTATION_COMMENTS = YES;
				CLANG_WARN_EMPTY_BODY = YES;
				CLANG_WARN_ENUM_CONVERSION = YES;
				CLANG_WARN_INFINITE_RECURSION = YES;
				CLANG_WARN_INT_CONVERSION = YES;
				CLANG_WARN_NON_LITERAL_NULL_CONVERSION = YES;
				CLANG_WARN_OBJC_IMPLICIT_RETAIN_SELF = YES;
				CLANG_WARN_OBJC_LITERAL_CONVERSION = YES;
				CLANG_WARN_OBJC_ROOT_CLASS = YES_ERROR;
				CLANG_WARN_QUOTED_INCLUDE_IN_FRAMEWORK_HEADER = YES;
				CLANG_WARN_RANGE_LOOP_ANALYSIS = YES;
				CLANG_WARN_STRICT_PROTOTYPES = YES;
				CLANG_WARN_SUSPICIOUS_MOVE = YES;
				CLANG_WARN_UNGUARDED_AVAILABILITY = YES_AGGRESSIVE;
				CLANG_WARN_UNREACHABLE_CODE = YES;
				CLANG_WARN__DUPLICATE_METHOD_MATCH = YES;
				COPY_PHASE_STRIP = NO;
				CURRENT_PROJECT_VERSION = 1;
				DEBUG_INFORMATION_FORMAT = dwarf;
				ENABLE_STRICT_OBJC_MSGSEND = YES;
				ENABLE_TESTABILITY = YES;
				GCC_C_LANGUAGE_STANDARD = gnu11;
				GCC_DYNAMIC_NO_PIC = NO;
				GCC_NO_COMMON_BLOCKS = YES;
				GCC_OPTIMIZATION_LEVEL = 0;
				GCC_PREPROCESSOR_DEFINITIONS = (
					"DEBUG=1",
					"$(inherited)",
				);
				GCC_WARN_64_TO_32_BIT_CONVERSION = YES;
				GCC_WARN_ABOUT_RETURN_TYPE = YES_ERROR;
				GCC_WARN_UNDECLARED_SELECTOR = YES;
				GCC_WARN_UNINITIALIZED_AUTOS = YES_AGGRESSIVE;
				GCC_WARN_UNUSED_FUNCTION = YES;
				GCC_WARN_UNUSED_VARIABLE = YES;
				IPHONEOS_DEPLOYMENT_TARGET = 15.0;
				MTL_ENABLE_DEBUG_INFO = INCLUDE_SOURCE;
				MTL_FAST_MATH = YES;
				ONLY_ACTIVE_ARCH = YES;
				SDKROOT = iphoneos;
				SWIFT_ACTIVE_COMPILATION_CONDITIONS = DEBUG;
				SWIFT_OPTIMIZATION_LEVEL = "-Onone";
				VERSIONING_SYSTEM = "apple-generic";
				VERSION_INFO_PREFIX = "";
			};
			name = Debug;
		};
		15ED775726EA8AEB004D86C3 /* Release */ = {
			isa = XCBuildConfiguration;
			buildSettings = {
				ALWAYS_SEARCH_USER_PATHS = NO;
				CLANG_ANALYZER_NONNULL = YES;
				CLANG_ANALYZER_NUMBER_OBJECT_CONVERSION = YES_AGGRESSIVE;
				CLANG_CXX_LANGUAGE_STANDARD = "gnu++17";
				CLANG_CXX_LIBRARY = "libc++";
				CLANG_ENABLE_MODULES = YES;
				CLANG_ENABLE_OBJC_ARC = YES;
				CLANG_ENABLE_OBJC_WEAK = YES;
				CLANG_WARN_BLOCK_CAPTURE_AUTORELEASING = YES;
				CLANG_WARN_BOOL_CONVERSION = YES;
				CLANG_WARN_COMMA = YES;
				CLANG_WARN_CONSTANT_CONVERSION = YES;
				CLANG_WARN_DEPRECATED_OBJC_IMPLEMENTATIONS = YES;
				CLANG_WARN_DIRECT_OBJC_ISA_USAGE = YES_ERROR;
				CLANG_WARN_DOCUMENTATION_COMMENTS = YES;
				CLANG_WARN_EMPTY_BODY = YES;
				CLANG_WARN_ENUM_CONVERSION = YES;
				CLANG_WARN_INFINITE_RECURSION = YES;
				CLANG_WARN_INT_CONVERSION = YES;
				CLANG_WARN_NON_LITERAL_NULL_CONVERSION = YES;
				CLANG_WARN_OBJC_IMPLICIT_RETAIN_SELF = YES;
				CLANG_WARN_OBJC_LITERAL_CONVERSION = YES;
				CLANG_WARN_OBJC_ROOT_CLASS = YES_ERROR;
				CLANG_WARN_QUOTED_INCLUDE_IN_FRAMEWORK_HEADER = YES;
				CLANG_WARN_RANGE_LOOP_ANALYSIS = YES;
				CLANG_WARN_STRICT_PROTOTYPES = YES;
				CLANG_WARN_SUSPICIOUS_MOVE = YES;
				CLANG_WARN_UNGUARDED_AVAILABILITY = YES_AGGRESSIVE;
				CLANG_WARN_UNREACHABLE_CODE = YES;
				CLANG_WARN__DUPLICATE_METHOD_MATCH = YES;
				COPY_PHASE_STRIP = NO;
				CURRENT_PROJECT_VERSION = 1;
				DEBUG_INFORMATION_FORMAT = "dwarf-with-dsym";
				ENABLE_NS_ASSERTIONS = NO;
				ENABLE_STRICT_OBJC_MSGSEND = YES;
				GCC_C_LANGUAGE_STANDARD = gnu11;
				GCC_NO_COMMON_BLOCKS = YES;
				GCC_WARN_64_TO_32_BIT_CONVERSION = YES;
				GCC_WARN_ABOUT_RETURN_TYPE = YES_ERROR;
				GCC_WARN_UNDECLARED_SELECTOR = YES;
				GCC_WARN_UNINITIALIZED_AUTOS = YES_AGGRESSIVE;
				GCC_WARN_UNUSED_FUNCTION = YES;
				GCC_WARN_UNUSED_VARIABLE = YES;
				IPHONEOS_DEPLOYMENT_TARGET = 15.0;
				MTL_ENABLE_DEBUG_INFO = NO;
				MTL_FAST_MATH = YES;
				SDKROOT = iphoneos;
				SWIFT_COMPILATION_MODE = wholemodule;
				SWIFT_OPTIMIZATION_LEVEL = "-O";
				VALIDATE_PRODUCT = YES;
				VERSIONING_SYSTEM = "apple-generic";
				VERSION_INFO_PREFIX = "";
			};
			name = Release;
		};
		15ED775926EA8AEB004D86C3 /* Debug */ = {
			isa = XCBuildConfiguration;
			buildSettings = {
				CODE_SIGN_STYLE = Automatic;
				CURRENT_PROJECT_VERSION = 1;
				DEFINES_MODULE = YES;
				DEVELOPMENT_TEAM = H929RNU2C4;
				DYLIB_COMPATIBILITY_VERSION = 1;
				DYLIB_CURRENT_VERSION = 1;
				DYLIB_INSTALL_NAME_BASE = "@rpath";
				GENERATE_INFOPLIST_FILE = YES;
				INFOPLIST_KEY_NSHumanReadableCopyright = "";
				INSTALL_PATH = "$(LOCAL_LIBRARY_DIR)/Frameworks";
				LD_RUNPATH_SEARCH_PATHS = (
					"$(inherited)",
					"@executable_path/Frameworks",
					"@loader_path/Frameworks",
				);
				MARKETING_VERSION = 1.0;
				PRODUCT_BUNDLE_IDENTIFIER = "Gabriel-Soria.Algorithms";
				PRODUCT_NAME = "$(TARGET_NAME:c99extidentifier)";
				SKIP_INSTALL = YES;
				SWIFT_EMIT_LOC_STRINGS = YES;
				SWIFT_VERSION = 5.0;
				TARGETED_DEVICE_FAMILY = "1,2";
			};
			name = Debug;
		};
		15ED775A26EA8AEB004D86C3 /* Release */ = {
			isa = XCBuildConfiguration;
			buildSettings = {
				CODE_SIGN_STYLE = Automatic;
				CURRENT_PROJECT_VERSION = 1;
				DEFINES_MODULE = YES;
				DEVELOPMENT_TEAM = H929RNU2C4;
				DYLIB_COMPATIBILITY_VERSION = 1;
				DYLIB_CURRENT_VERSION = 1;
				DYLIB_INSTALL_NAME_BASE = "@rpath";
				GENERATE_INFOPLIST_FILE = YES;
				INFOPLIST_KEY_NSHumanReadableCopyright = "";
				INSTALL_PATH = "$(LOCAL_LIBRARY_DIR)/Frameworks";
				LD_RUNPATH_SEARCH_PATHS = (
					"$(inherited)",
					"@executable_path/Frameworks",
					"@loader_path/Frameworks",
				);
				MARKETING_VERSION = 1.0;
				PRODUCT_BUNDLE_IDENTIFIER = "Gabriel-Soria.Algorithms";
				PRODUCT_NAME = "$(TARGET_NAME:c99extidentifier)";
				SKIP_INSTALL = YES;
				SWIFT_EMIT_LOC_STRINGS = YES;
				SWIFT_VERSION = 5.0;
				TARGETED_DEVICE_FAMILY = "1,2";
			};
			name = Release;
		};
		15ED775C26EA8AEB004D86C3 /* Debug */ = {
			isa = XCBuildConfiguration;
			buildSettings = {
				ALWAYS_EMBED_SWIFT_STANDARD_LIBRARIES = YES;
				CODE_SIGN_STYLE = Automatic;
				CURRENT_PROJECT_VERSION = 1;
				DEVELOPMENT_TEAM = H929RNU2C4;
				GENERATE_INFOPLIST_FILE = YES;
				LD_RUNPATH_SEARCH_PATHS = (
					"$(inherited)",
					"@executable_path/Frameworks",
					"@loader_path/Frameworks",
				);
				MARKETING_VERSION = 1.0;
				PRODUCT_BUNDLE_IDENTIFIER = "Gabriel-Soria.AlgorithmsTests";
				PRODUCT_NAME = "$(TARGET_NAME)";
				SWIFT_EMIT_LOC_STRINGS = NO;
				SWIFT_VERSION = 5.0;
				TARGETED_DEVICE_FAMILY = "1,2";
			};
			name = Debug;
		};
		15ED775D26EA8AEB004D86C3 /* Release */ = {
			isa = XCBuildConfiguration;
			buildSettings = {
				ALWAYS_EMBED_SWIFT_STANDARD_LIBRARIES = YES;
				CODE_SIGN_STYLE = Automatic;
				CURRENT_PROJECT_VERSION = 1;
				DEVELOPMENT_TEAM = H929RNU2C4;
				GENERATE_INFOPLIST_FILE = YES;
				LD_RUNPATH_SEARCH_PATHS = (
					"$(inherited)",
					"@executable_path/Frameworks",
					"@loader_path/Frameworks",
				);
				MARKETING_VERSION = 1.0;
				PRODUCT_BUNDLE_IDENTIFIER = "Gabriel-Soria.AlgorithmsTests";
				PRODUCT_NAME = "$(TARGET_NAME)";
				SWIFT_EMIT_LOC_STRINGS = NO;
				SWIFT_VERSION = 5.0;
				TARGETED_DEVICE_FAMILY = "1,2";
			};
			name = Release;
		};
/* End XCBuildConfiguration section */

/* Begin XCConfigurationList section */
		15ED773E26EA8AEB004D86C3 /* Build configuration list for PBXProject "Algorithms" */ = {
			isa = XCConfigurationList;
			buildConfigurations = (
				15ED775626EA8AEB004D86C3 /* Debug */,
				15ED775726EA8AEB004D86C3 /* Release */,
			);
			defaultConfigurationIsVisible = 0;
			defaultConfigurationName = Release;
		};
		15ED775826EA8AEB004D86C3 /* Build configuration list for PBXNativeTarget "Algorithms" */ = {
			isa = XCConfigurationList;
			buildConfigurations = (
				15ED775926EA8AEB004D86C3 /* Debug */,
				15ED775A26EA8AEB004D86C3 /* Release */,
			);
			defaultConfigurationIsVisible = 0;
			defaultConfigurationName = Release;
		};
		15ED775B26EA8AEB004D86C3 /* Build configuration list for PBXNativeTarget "AlgorithmsTests" */ = {
			isa = XCConfigurationList;
			buildConfigurations = (
				15ED775C26EA8AEB004D86C3 /* Debug */,
				15ED775D26EA8AEB004D86C3 /* Release */,
			);
			defaultConfigurationIsVisible = 0;
			defaultConfigurationName = Release;
		};
/* End XCConfigurationList section */
	};
	rootObject = 15ED773B26EA8AEB004D86C3 /* Project object */;
}
